
Microsoft Visual Studio Solution File, Format Version 12.00
# Visual Studio Version 17
VisualStudioVersion = 17.9.34607.119
MinimumVisualStudioVersion = 10.0.40219.1
Project("{9A19103F-16F7-4668-BE54-9A1E7A4F7556}") = "cpp", "cpp\cpp.csproj", "{9547BED6-C904-4218-B20D-F1B079E415C9}"
EndProject
Project("{9A19103F-16F7-4668-BE54-9A1E7A4F7556}") = "CPreProcessor", "CPreProcessor\CPreProcessor.csproj", "{35B95213-1A8A-48AB-A7A3-E0047B9524F4}"
EndProject
Project("{9A19103F-16F7-4668-BE54-9A1E7A4F7556}") = "TestPowerShell", "TestPowerShell\TestPowerShell.csproj", "{020C3096-0BBE-45BA-9304-29671036CD63}"
EndProject
Project("{9A19103F-16F7-4668-BE54-9A1E7A4F7556}") = "PowerShell", "PowerShell\PowerShell.csproj", "{8862814C-C4B6-413A-8ACA-30349D13C99C}"
EndProject
Project("{9A19103F-16F7-4668-BE54-9A1E7A4F7556}") = "TestCPreProcessor", "TestCPreProcessor\TestCPreProcessor.csproj", "{3DE28778-8E57-41E1-A292-03C23A6B95BF}"
EndProject
Project("{9A19103F-16F7-4668-BE54-9A1E7A4F7556}") = "TestNugetPackage", "TestNugetPackage\TestNugetPackage.csproj", "{16188A57-84FA-4F12-B799-2007370B45D7}"
EndProject
Global
	GlobalSection(SolutionConfigurationPlatforms) = preSolution
		Debug|Any CPU = Debug|Any CPU
		Release|Any CPU = Release|Any CPU
	EndGlobalSection
	GlobalSection(ProjectConfigurationPlatforms) = postSolution
		{9547BED6-C904-4218-B20D-F1B079E415C9}.Debug|Any CPU.ActiveCfg = Debug|Any CPU
		{9547BED6-C904-4218-B20D-F1B079E415C9}.Debug|Any CPU.Build.0 = Debug|Any CPU
		{9547BED6-C904-4218-B20D-F1B079E415C9}.Release|Any CPU.ActiveCfg = Release|Any CPU
		{9547BED6-C904-4218-B20D-F1B079E415C9}.Release|Any CPU.Build.0 = Release|Any CPU
		{35B95213-1A8A-48AB-A7A3-E0047B9524F4}.Debug|Any CPU.ActiveCfg = Debug|Any CPU
		{35B95213-1A8A-48AB-A7A3-E0047B9524F4}.Debug|Any CPU.Build.0 = Debug|Any CPU
		{35B95213-1A8A-48AB-A7A3-E0047B9524F4}.Release|Any CPU.ActiveCfg = Release|Any CPU
		{35B95213-1A8A-48AB-A7A3-E0047B9524F4}.Release|Any CPU.Build.0 = Release|Any CPU
		{020C3096-0BBE-45BA-9304-29671036CD63}.Debug|Any CPU.ActiveCfg = Debug|Any CPU
		{020C3096-0BBE-45BA-9304-29671036CD63}.Debug|Any CPU.Build.0 = Debug|Any CPU
		{020C3096-0BBE-45BA-9304-29671036CD63}.Release|Any CPU.ActiveCfg = Release|Any CPU
		{020C3096-0BBE-45BA-9304-29671036CD63}.Release|Any CPU.Build.0 = Release|Any CPU
		{8862814C-C4B6-413A-8ACA-30349D13C99C}.Debug|Any CPU.ActiveCfg = Debug|Any CPU
		{8862814C-C4B6-413A-8ACA-30349D13C99C}.Debug|Any CPU.Build.0 = Debug|Any CPU
		{8862814C-C4B6-413A-8ACA-30349D13C99C}.Release|Any CPU.ActiveCfg = Release|Any CPU
		{8862814C-C4B6-413A-8ACA-30349D13C99C}.Release|Any CPU.Build.0 = Release|Any CPU
		{3DE28778-8E57-41E1-A292-03C23A6B95BF}.Debug|Any CPU.ActiveCfg = Debug|Any CPU
		{3DE28778-8E57-41E1-A292-03C23A6B95BF}.Debug|Any CPU.Build.0 = Debug|Any CPU
		{3DE28778-8E57-41E1-A292-03C23A6B95BF}.Release|Any CPU.ActiveCfg = Release|Any CPU
		{3DE28778-8E57-41E1-A292-03C23A6B95BF}.Release|Any CPU.Build.0 = Release|Any CPU
		{16188A57-84FA-4F12-B799-2007370B45D7}.Debug|Any CPU.ActiveCfg = Debug|Any CPU
		{16188A57-84FA-4F12-B799-2007370B45D7}.Debug|Any CPU.Build.0 = Debug|Any CPU
		{16188A57-84FA-4F12-B799-2007370B45D7}.Release|Any CPU.ActiveCfg = Release|Any CPU
		{16188A57-84FA-4F12-B799-2007370B45D7}.Release|Any CPU.Build.0 = Release|Any CPU
	EndGlobalSection
	GlobalSection(SolutionProperties) = preSolution
		HideSolutionNode = FALSE
	EndGlobalSection
	GlobalSection(ExtensibilityGlobals) = postSolution
		SolutionGuid = {3E7E8467-4C7D-4A76-B3E3-D97F33ECCC6A}
	EndGlobalSection
EndGlobal
